// !$*UTF8*$!
{
	archiveVersion = 1;
	classes = {
	};
	objectVersion = 56;
	objects = {

/* Begin PBXBuildFile section */
		A0AA0DD32A6C1717000ACDCA /* SideMenuSwiftUIApp.swift in Sources */ = {isa = PBXBuildFile; fileRef = A0AA0DD22A6C1717000ACDCA /* SideMenuSwiftUIApp.swift */; };
		A0AA0DD52A6C1717000ACDCA /* ContentView.swift in Sources */ = {isa = PBXBuildFile; fileRef = A0AA0DD42A6C1717000ACDCA /* ContentView.swift */; };
		A0AA0DD72A6C1718000ACDCA /* Assets.xcassets in Resources */ = {isa = PBXBuildFile; fileRef = A0AA0DD62A6C1718000ACDCA /* Assets.xcassets */; };
		A0AA0DDA2A6C1718000ACDCA /* Preview Assets.xcassets in Resources */ = {isa = PBXBuildFile; fileRef = A0AA0DD92A6C1718000ACDCA /* Preview Assets.xcassets */; };
		A0AA0DE12A6C1DC7000ACDCA /* SideMenuView.swift in Sources */ = {isa = PBXBuildFile; fileRef = A0AA0DE02A6C1DC7000ACDCA /* SideMenuView.swift */; };
		A0AA0DE32A6C1DF5000ACDCA /* SideMenuHeaderView.swift in Sources */ = {isa = PBXBuildFile; fileRef = A0AA0DE22A6C1DF5000ACDCA /* SideMenuHeaderView.swift */; };
		A0AA0DE52A6C1E28000ACDCA /* SiderMenuOptionView.swift in Sources */ = {isa = PBXBuildFile; fileRef = A0AA0DE42A6C1E28000ACDCA /* SiderMenuOptionView.swift */; };
		A0AA0DE72A6C1E58000ACDCA /* SideMenuViewModel.swift in Sources */ = {isa = PBXBuildFile; fileRef = A0AA0DE62A6C1E58000ACDCA /* SideMenuViewModel.swift */; };
/* End PBXBuildFile section */

/* Begin PBXFileReference section */
		A0AA0DCF2A6C1717000ACDCA /* SideMenuSwiftUI.app */ = {isa = PBXFileReference; explicitFileType = wrapper.application; includeInIndex = 0; path = SideMenuSwiftUI.app; sourceTree = BUILT_PRODUCTS_DIR; };
		A0AA0DD22A6C1717000ACDCA /* SideMenuSwiftUIApp.swift */ = {isa = PBXFileReference; lastKnownFileType = sourcecode.swift; path = SideMenuSwiftUIApp.swift; sourceTree = "<group>"; };
		A0AA0DD42A6C1717000ACDCA /* ContentView.swift */ = {isa = PBXFileReference; lastKnownFileType = sourcecode.swift; path = ContentView.swift; sourceTree = "<group>"; };
		A0AA0DD62A6C1718000ACDCA /* Assets.xcassets */ = {isa = PBXFileReference; lastKnownFileType = folder.assetcatalog; path = Assets.xcassets; sourceTree = "<group>"; };
		A0AA0DD92A6C1718000ACDCA /* Preview Assets.xcassets */ = {isa = PBXFileReference; lastKnownFileType = folder.assetcatalog; path = "Preview Assets.xcassets"; sourceTree = "<group>"; };
		A0AA0DE02A6C1DC7000ACDCA /* SideMenuView.swift */ = {isa = PBXFileReference; lastKnownFileType = sourcecode.swift; path = SideMenuView.swift; sourceTree = "<group>"; };
		A0AA0DE22A6C1DF5000ACDCA /* SideMenuHeaderView.swift */ = {isa = PBXFileReference; lastKnownFileType = sourcecode.swift; path = SideMenuHeaderView.swift; sourceTree = "<group>"; };
		A0AA0DE42A6C1E28000ACDCA /* SiderMenuOptionView.swift */ = {isa = PBXFileReference; lastKnownFileType = sourcecode.swift; path = SiderMenuOptionView.swift; sourceTree = "<group>"; };
		A0AA0DE62A6C1E58000ACDCA /* SideMenuViewModel.swift */ = {isa = PBXFileReference; lastKnownFileType = sourcecode.swift; path = SideMenuViewModel.swift; sourceTree = "<group>"; };
/* End PBXFileReference section */

/* Begin PBXFrameworksBuildPhase section */
		A0AA0DCC2A6C1717000ACDCA /* Frameworks */ = {
			isa = PBXFrameworksBuildPhase;
			buildActionMask = 2147483647;
			files = (
			);
			runOnlyForDeploymentPostprocessing = 0;
		};
/* End PBXFrameworksBuildPhase section */

/* Begin PBXGroup section */
		A0AA0DC62A6C1717000ACDCA = {
			isa = PBXGroup;
			children = (
				A0AA0DD12A6C1717000ACDCA /* SideMenuSwiftUI */,
				A0AA0DD02A6C1717000ACDCA /* Products */,
			);
			sourceTree = "<group>";
		};
		A0AA0DD02A6C1717000ACDCA /* Products */ = {
			isa = PBXGroup;
			children = (
				A0AA0DCF2A6C1717000ACDCA /* SideMenuSwiftUI.app */,
			);
			name = Products;
			sourceTree = "<group>";
		};
		A0AA0DD12A6C1717000ACDCA /* SideMenuSwiftUI */ = {
			isa = PBXGroup;
			children = (
				A0AA0DD22A6C1717000ACDCA /* SideMenuSwiftUIApp.swift */,
				A0AA0DD42A6C1717000ACDCA /* ContentView.swift */,
				A0AA0DE02A6C1DC7000ACDCA /* SideMenuView.swift */,
				A0AA0DE22A6C1DF5000ACDCA /* SideMenuHeaderView.swift */,
				A0AA0DE42A6C1E28000ACDCA /* SiderMenuOptionView.swift */,
				A0AA0DE62A6C1E58000ACDCA /* SideMenuViewModel.swift */,
				A0AA0DD62A6C1718000ACDCA /* Assets.xcassets */,
				A0AA0DD82A6C1718000ACDCA /* Preview Content */,
			);
			path = SideMenuSwiftUI;
			sourceTree = "<group>";
		};
		A0AA0DD82A6C1718000ACDCA /* Preview Content */ = {
			isa = PBXGroup;
			children = (
				A0AA0DD92A6C1718000ACDCA /* Preview Assets.xcassets */,
			);
			path = "Preview Content";
			sourceTree = "<group>";
		};
/* End PBXGroup section */

/* Begin PBXNativeTarget section */
		A0AA0DCE2A6C1717000ACDCA /* SideMenuSwiftUI */ = {
			isa = PBXNativeTarget;
			buildConfigurationList = A0AA0DDD2A6C1718000ACDCA /* Build configuration list for PBXNativeTarget "SideMenuSwiftUI" */;
			buildPhases = (
				A0AA0DCB2A6C1717000ACDCA /* Sources */,
				A0AA0DCC2A6C1717000ACDCA /* Frameworks */,
				A0AA0DCD2A6C1717000ACDCA /* Resources */,
			);
			buildRules = (
			);
			dependencies = (
			);
			name = SideMenuSwiftUI;
			productName = SideMenuSwiftUI;
			productReference = A0AA0DCF2A6C1717000ACDCA /* SideMenuSwiftUI.app */;
			productType = "com.apple.product-type.application";
		};
/* End PBXNativeTarget section */

/* Begin PBXProject section */
		A0AA0DC72A6C1717000ACDCA /* Project object */ = {
			isa = PBXProject;
			attributes = {
				BuildIndependentTargetsInParallel = 1;
				LastSwiftUpdateCheck = 1430;
				LastUpgradeCheck = 1430;
				TargetAttributes = {
					A0AA0DCE2A6C1717000ACDCA = {
						CreatedOnToolsVersion = 14.3.1;
					};
				};
			};
			buildConfigurationList = A0AA0DCA2A6C1717000ACDCA /* Build configuration list for PBXProject "SideMenuSwiftUI" */;
			compatibilityVersion = "Xcode 14.0";
			developmentRegion = en;
			hasScannedForEncodings = 0;
			knownRegions = (
				en,
				Base,
			);
			mainGroup = A0AA0DC62A6C1717000ACDCA;
			productRefGroup = A0AA0DD02A6C1717000ACDCA /* Products */;
			projectDirPath = "";
			projectRoot = "";
			targets = (
				A0AA0DCE2A6C1717000ACDCA /* SideMenuSwiftUI */,
			);
		};
/* End PBXProject section */

/* Begin PBXResourcesBuildPhase section */
		A0AA0DCD2A6C1717000ACDCA /* Resources */ = {
			isa = PBXResourcesBuildPhase;
			buildActionMask = 2147483647;
			files = (
				A0AA0DDA2A6C1718000ACDCA /* Preview Assets.xcassets in Resources */,
				A0AA0DD72A6C1718000ACDCA /* Assets.xcassets in Resources */,
			);
			runOnlyForDeploymentPostprocessing = 0;
		};
/* End PBXResourcesBuildPhase section */

/* Begin PBXSourcesBuildPhase section */
		A0AA0DCB2A6C1717000ACDCA /* Sources */ = {
			isa = PBXSourcesBuildPhase;
			buildActionMask = 2147483647;
			files = (
				A0AA0DE12A6C1DC7000ACDCA /* SideMenuView.swift in Sources */,
				A0AA0DE32A6C1DF5000ACDCA /* SideMenuHeaderView.swift in Sources */,
				A0AA0DE52A6C1E28000ACDCA /* SiderMenuOptionView.swift in Sources */,
				A0AA0DD52A6C1717000ACDCA /* ContentView.swift in Sources */,
				A0AA0DE72A6C1E58000ACDCA /* SideMenuViewModel.swift in Sources */,
				A0AA0DD32A6C1717000ACDCA /* SideMenuSwiftUIApp.swift in Sources */,
			);
			runOnlyForDeploymentPostprocessing = 0;
		};
/* End PBXSourcesBuildPhase section */

/* Begin XCBuildConfiguration section */
		A0AA0DDB2A6C1718000ACDCA /* Debug */ = {
			isa = XCBuildConfiguration;
			buildSettings = {
				ALWAYS_SEARCH_USER_PATHS = NO;
				CLANG_ANALYZER_NONNULL = YES;
				CLANG_ANALYZER_NUMBER_OBJECT_CONVERSION = YES_AGGRESSIVE;
				CLANG_CXX_LANGUAGE_STANDARD = "gnu++20";
				CLANG_ENABLE_MODULES = YES;
				CLANG_ENABLE_OBJC_ARC = YES;
				CLANG_ENABLE_OBJC_WEAK = YES;
				CLANG_WARN_BLOCK_CAPTURE_AUTORELEASING = YES;
				CLANG_WARN_BOOL_CONVERSION = YES;
				CLANG_WARN_COMMA = YES;
				CLANG_WARN_CONSTANT_CONVERSION = YES;
				CLANG_WARN_DEPRECATED_OBJC_IMPLEMENTATIONS = YES;
				CLANG_WARN_DIRECT_OBJC_ISA_USAGE = YES_ERROR;
				CLANG_WARN_DOCUMENTATION_COMMENTS = YES;
				CLANG_WARN_EMPTY_BODY = YES;
				CLANG_WARN_ENUM_CONVERSION = YES;
				CLANG_WARN_INFINITE_RECURSION = YES;
				CLANG_WARN_INT_CONVERSION = YES;
				CLANG_WARN_NON_LITERAL_NULL_CONVERSION = YES;
				CLANG_WARN_OBJC_IMPLICIT_RETAIN_SELF = YES;
				CLANG_WARN_OBJC_LITERAL_CONVERSION = YES;
				CLANG_WARN_OBJC_ROOT_CLASS = YES_ERROR;
				CLANG_WARN_QUOTED_INCLUDE_IN_FRAMEWORK_HEADER = YES;
				CLANG_WARN_RANGE_LOOP_ANALYSIS = YES;
				CLANG_WARN_STRICT_PROTOTYPES = YES;
				CLANG_WARN_SUSPICIOUS_MOVE = YES;
				CLANG_WARN_UNGUARDED_AVAILABILITY = YES_AGGRESSIVE;
				CLANG_WARN_UNREACHABLE_CODE = YES;
				CLANG_WARN__DUPLICATE_METHOD_MATCH = YES;
				COPY_PHASE_STRIP = NO;
				DEBUG_INFORMATION_FORMAT = dwarf;
				ENABLE_STRICT_OBJC_MSGSEND = YES;
				ENABLE_TESTABILITY = YES;
				GCC_C_LANGUAGE_STANDARD = gnu11;
				GCC_DYNAMIC_NO_PIC = NO;
				GCC_NO_COMMON_BLOCKS = YES;
				GCC_OPTIMIZATION_LEVEL = 0;
				GCC_PREPROCESSOR_DEFINITIONS = (
					"DEBUG=1",
					"$(inherited)",
				);
				GCC_WARN_64_TO_32_BIT_CONVERSION = YES;
				GCC_WARN_ABOUT_RETURN_TYPE = YES_ERROR;
				GCC_WARN_UNDECLARED_SELECTOR = YES;
				GCC_WARN_UNINITIALIZED_AUTOS = YES_AGGRESSIVE;
				GCC_WARN_UNUSED_FUNCTION = YES;
				GCC_WARN_UNUSED_VARIABLE = YES;
				IPHONEOS_DEPLOYMENT_TARGET = 16.4;
				MTL_ENABLE_DEBUG_INFO = INCLUDE_SOURCE;
				MTL_FAST_MATH = YES;
				ONLY_ACTIVE_ARCH = YES;
				SDKROOT = iphoneos;
				SWIFT_ACTIVE_COMPILATION_CONDITIONS = DEBUG;
				SWIFT_OPTIMIZATION_LEVEL = "-Onone";
			};
			name = Debug;
		};
		A0AA0DDC2A6C1718000ACDCA /* Release */ = {
			isa = XCBuildConfiguration;
			buildSettings = {
				ALWAYS_SEARCH_USER_PATHS = NO;
				CLANG_ANALYZER_NONNULL = YES;
				CLANG_ANALYZER_NUMBER_OBJECT_CONVERSION = YES_AGGRESSIVE;
				CLANG_CXX_LANGUAGE_STANDARD = "gnu++20";
				CLANG_ENABLE_MODULES = YES;
				CLANG_ENABLE_OBJC_ARC = YES;
				CLANG_ENABLE_OBJC_WEAK = YES;
				CLANG_WARN_BLOCK_CAPTURE_AUTORELEASING = YES;
				CLANG_WARN_BOOL_CONVERSION = YES;
				CLANG_WARN_COMMA = YES;
				CLANG_WARN_CONSTANT_CONVERSION = YES;
				CLANG_WARN_DEPRECATED_OBJC_IMPLEMENTATIONS = YES;
				CLANG_WARN_DIRECT_OBJC_ISA_USAGE = YES_ERROR;
				CLANG_WARN_DOCUMENTATION_COMMENTS = YES;
				CLANG_WARN_EMPTY_BODY = YES;
				CLANG_WARN_ENUM_CONVERSION = YES;
				CLANG_WARN_INFINITE_RECURSION = YES;
				CLANG_WARN_INT_CONVERSION = YES;
				CLANG_WARN_NON_LITERAL_NULL_CONVERSION = YES;
				CLANG_WARN_OBJC_IMPLICIT_RETAIN_SELF = YES;
				CLANG_WARN_OBJC_LITERAL_CONVERSION = YES;
				CLANG_WARN_OBJC_ROOT_CLASS = YES_ERROR;
				CLANG_WARN_QUOTED_INCLUDE_IN_FRAMEWORK_HEADER = YES;
				CLANG_WARN_RANGE_LOOP_ANALYSIS = YES;
				CLANG_WARN_STRICT_PROTOTYPES = YES;
				CLANG_WARN_SUSPICIOUS_MOVE = YES;
				CLANG_WARN_UNGUARDED_AVAILABILITY = YES_AGGRESSIVE;
				CLANG_WARN_UNREACHABLE_CODE = YES;
				CLANG_WARN__DUPLICATE_METHOD_MATCH = YES;
				COPY_PHASE_STRIP = NO;
				DEBUG_INFORMATION_FORMAT = "dwarf-with-dsym";
				ENABLE_NS_ASSERTIONS = NO;
				ENABLE_STRICT_OBJC_MSGSEND = YES;
				GCC_C_LANGUAGE_STANDARD = gnu11;
				GCC_NO_COMMON_BLOCKS = YES;
				GCC_WARN_64_TO_32_BIT_CONVERSION = YES;
				GCC_WARN_ABOUT_RETURN_TYPE = YES_ERROR;
				GCC_WARN_UNDECLARED_SELECTOR = YES;
				GCC_WARN_UNINITIALIZED_AUTOS = YES_AGGRESSIVE;
				GCC_WARN_UNUSED_FUNCTION = YES;
				GCC_WARN_UNUSED_VARIABLE = YES;
				IPHONEOS_DEPLOYMENT_TARGET = 16.4;
				MTL_ENABLE_DEBUG_INFO = NO;
				MTL_FAST_MATH = YES;
				SDKROOT = iphoneos;
				SWIFT_COMPILATION_MODE = wholemodule;
				SWIFT_OPTIMIZATION_LEVEL = "-O";
				VALIDATE_PRODUCT = YES;
			};
			name = Release;
		};
		A0AA0DDE2A6C1718000ACDCA /* Debug */ = {
			isa = XCBuildConfiguration;
			buildSettings = {
				ASSETCATALOG_COMPILER_APPICON_NAME = AppIcon;
				ASSETCATALOG_COMPILER_GLOBAL_ACCENT_COLOR_NAME = AccentColor;
				CODE_SIGN_STYLE = Automatic;
				CURRENT_PROJECT_VERSION = 1;
				DEVELOPMENT_ASSET_PATHS = "\"SideMenuSwiftUI/Preview Content\"";
				DEVELOPMENT_TEAM = PQPU5T7SXS;
				ENABLE_PREVIEWS = YES;
				GENERATE_INFOPLIST_FILE = YES;
				INFOPLIST_KEY_UIApplicationSceneManifest_Generation = YES;
				INFOPLIST_KEY_UIApplicationSupportsIndirectInputEvents = YES;
				INFOPLIST_KEY_UILaunchScreen_Generation = YES;
				INFOPLIST_KEY_UISupportedInterfaceOrientations_iPad = "UIInterfaceOrientationPortrait UIInterfaceOrientationPortraitUpsideDown UIInterfaceOrientationLandscapeLeft UIInterfaceOrientationLandscapeRight";
				INFOPLIST_KEY_UISupportedInterfaceOrientations_iPhone = "UIInterfaceOrientationPortrait UIInterfaceOrientationLandscapeLeft UIInterfaceOrientationLandscapeRight";
				LD_RUNPATH_SEARCH_PATHS = (
					"$(inherited)",
					"@executable_path/Frameworks",
				);
				MARKETING_VERSION = 1.0;
				PRODUCT_BUNDLE_IDENTIFIER = br.com.EdilsonBorges.SideMenuSwiftUI;
				PRODUCT_NAME = "$(TARGET_NAME)";
				SWIFT_EMIT_LOC_STRINGS = YES;
				SWIFT_VERSION = 5.0;
				TARGETED_DEVICE_FAMILY = "1,2";
			};
			name = Debug;
		};
		A0AA0DDF2A6C1718000ACDCA /* Release */ = {
			isa = XCBuildConfiguration;
			buildSettings = {
				ASSETCATALOG_COMPILER_APPICON_NAME = AppIcon;
				ASSETCATALOG_COMPILER_GLOBAL_ACCENT_COLOR_NAME = AccentColor;
				CODE_SIGN_STYLE = Automatic;
				CURRENT_PROJECT_VERSION = 1;
				DEVELOPMENT_ASSET_PATHS = "\"SideMenuSwiftUI/Preview Content\"";
				DEVELOPMENT_TEAM = PQPU5T7SXS;
				ENABLE_PREVIEWS = YES;
				GENERATE_INFOPLIST_FILE = YES;
				INFOPLIST_KEY_UIApplicationSceneManifest_Generation = YES;
				INFOPLIST_KEY_UIApplicationSupportsIndirectInputEvents = YES;
				INFOPLIST_KEY_UILaunchScreen_Generation = YES;
				INFOPLIST_KEY_UISupportedInterfaceOrientations_iPad = "UIInterfaceOrientationPortrait UIInterfaceOrientationPortraitUpsideDown UIInterfaceOrientationLandscapeLeft UIInterfaceOrientationLandscapeRight";
				INFOPLIST_KEY_UISupportedInterfaceOrientations_iPhone = "UIInterfaceOrientationPortrait UIInterfaceOrientationLandscapeLeft UIInterfaceOrientationLandscapeRight";
				LD_RUNPATH_SEARCH_PATHS = (
					"$(inherited)",
					"@executable_path/Frameworks",
				);
				MARKETING_VERSION = 1.0;
				PRODUCT_BUNDLE_IDENTIFIER = br.com.EdilsonBorges.SideMenuSwiftUI;
				PRODUCT_NAME = "$(TARGET_NAME)";
				SWIFT_EMIT_LOC_STRINGS = YES;
				SWIFT_VERSION = 5.0;
				TARGETED_DEVICE_FAMILY = "1,2";
			};
			name = Release;
		};
/* End XCBuildConfiguration section */

/* Begin XCConfigurationList section */
		A0AA0DCA2A6C1717000ACDCA /* Build configuration list for PBXProject "SideMenuSwiftUI" */ = {
			isa = XCConfigurationList;
			buildConfigurations = (
				A0AA0DDB2A6C1718000ACDCA /* Debug */,
				A0AA0DDC2A6C1718000ACDCA /* Release */,
			);
			defaultConfigurationIsVisible = 0;
			defaultConfigurationName = Release;
		};
		A0AA0DDD2A6C1718000ACDCA /* Build configuration list for PBXNativeTarget "SideMenuSwiftUI" */ = {
			isa = XCConfigurationList;
			buildConfigurations = (
				A0AA0DDE2A6C1718000ACDCA /* Debug */,
				A0AA0DDF2A6C1718000ACDCA /* Release */,
			);
			defaultConfigurationIsVisible = 0;
			defaultConfigurationName = Release;
		};
/* End XCConfigurationList section */
	};
	rootObject = A0AA0DC72A6C1717000ACDCA /* Project object */;
}
